
Microsoft Visual Studio Solution File, Format Version 12.00
# Visual Studio Version 16
VisualStudioVersion = 16.0.32228.343
MinimumVisualStudioVersion = 10.0.40219.1
Project("{FAE04EC0-301F-11D3-BF4B-00C04F79EFBC}") = "QLSV", "QLSV\QLSV.csproj", "{C41A29C0-C009-4115-8FE6-5DAE3DC7AD0C}"
EndProject
Global
	GlobalSection(SolutionConfigurationPlatforms) = preSolution
		Debug|Any CPU = Debug|Any CPU
		Release|Any CPU = Release|Any CPU
	EndGlobalSection
	GlobalSection(ProjectConfigurationPlatforms) = postSolution
		{C41A29C0-C009-4115-8FE6-5DAE3DC7AD0C}.Debug|Any CPU.ActiveCfg = Debug|Any CPU
		{C41A29C0-C009-4115-8FE6-5DAE3DC7AD0C}.Debug|Any CPU.Build.0 = Debug|Any CPU
		{C41A29C0-C009-4115-8FE6-5DAE3DC7AD0C}.Release|Any CPU.ActiveCfg = Release|Any CPU
		{C41A29C0-C009-4115-8FE6-5DAE3DC7AD0C}.Release|Any CPU.Build.0 = Release|Any CPU
	EndGlobalSection
	GlobalSection(SolutionProperties) = preSolution
		HideSolutionNode = FALSE
	EndGlobalSection
	GlobalSection(ExtensibilityGlobals) = postSolution
		SolutionGuid = {E0A97A10-97C7-453B-B948-F1171740C2A2}
	EndGlobalSection
EndGlobal
